
Microsoft Visual Studio Solution File, Format Version 12.00
# Visual Studio Version 17
VisualStudioVersion = 17.11.35327.3
MinimumVisualStudioVersion = 10.0.40219.1
Project("{FAE04EC0-301F-11D3-BF4B-00C04F79EFBC}") = "task3", "task3.csproj", "{2941C6F1-C278-4145-9D88-24AEF655B5FA}"
EndProject
Global
	GlobalSection(SolutionConfigurationPlatforms) = preSolution
		Debug|Any CPU = Debug|Any CPU
		Release|Any CPU = Release|Any CPU
	EndGlobalSection
	GlobalSection(ProjectConfigurationPlatforms) = postSolution
		{2941C6F1-C278-4145-9D88-24AEF655B5FA}.Debug|Any CPU.ActiveCfg = Debug|Any CPU
		{2941C6F1-C278-4145-9D88-24AEF655B5FA}.Debug|Any CPU.Build.0 = Debug|Any CPU
		{2941C6F1-C278-4145-9D88-24AEF655B5FA}.Release|Any CPU.ActiveCfg = Release|Any CPU
		{2941C6F1-C278-4145-9D88-24AEF655B5FA}.Release|Any CPU.Build.0 = Release|Any CPU
	EndGlobalSection
	GlobalSection(SolutionProperties) = preSolution
		HideSolutionNode = FALSE
	EndGlobalSection
	GlobalSection(ExtensibilityGlobals) = postSolution
		SolutionGuid = {71E96B75-DCC6-44D2-805A-15F654590646}
	EndGlobalSection
EndGlobal
